
Microsoft Visual Studio Solution File, Format Version 12.00
# Visual Studio Version 16
VisualStudioVersion = 16.0.30804.86
MinimumVisualStudioVersion = 10.0.40219.1
Project("{2150E333-8FDC-42A3-9474-1A3956D46DE8}") = "Microservice", "Microservice", "{7F66A618-591C-4480-A185-F4C9AFF09044}"
EndProject
Project("{2150E333-8FDC-42A3-9474-1A3956D46DE8}") = "IdentificationServer4", "IdentificationServer4", "{532BDC34-9C35-469E-B87F-FF5053353942}"
EndProject
Project("{FAE04EC0-301F-11D3-BF4B-00C04F79EFBC}") = "Aggregator", "Aggregator\Aggregator.csproj", "{40051E0C-AA41-4677-8EB1-AAAEEB16F242}"
EndProject
Project("{FAE04EC0-301F-11D3-BF4B-00C04F79EFBC}") = "ApiGateway", "ApiGateway\ApiGateway.csproj", "{466412C9-8883-4AFD-B715-A39BFF2D9379}"
EndProject
Project("{FAE04EC0-301F-11D3-BF4B-00C04F79EFBC}") = "Microservice1", "Microservice1\Microservice1.csproj", "{A35F64C0-C3B7-44D7-A672-482BD1F2E17D}"
EndProject
Project("{FAE04EC0-301F-11D3-BF4B-00C04F79EFBC}") = "Microservice2", "Microservice2\Microservice2.csproj", "{A2810C73-FF6C-4B0C-9B36-C5E665506A30}"
EndProject
Global
	GlobalSection(SolutionConfigurationPlatforms) = preSolution
		Debug|Any CPU = Debug|Any CPU
		Release|Any CPU = Release|Any CPU
	EndGlobalSection
	GlobalSection(ProjectConfigurationPlatforms) = postSolution
		{40051E0C-AA41-4677-8EB1-AAAEEB16F242}.Debug|Any CPU.ActiveCfg = Debug|Any CPU
		{40051E0C-AA41-4677-8EB1-AAAEEB16F242}.Debug|Any CPU.Build.0 = Debug|Any CPU
		{40051E0C-AA41-4677-8EB1-AAAEEB16F242}.Release|Any CPU.ActiveCfg = Release|Any CPU
		{40051E0C-AA41-4677-8EB1-AAAEEB16F242}.Release|Any CPU.Build.0 = Release|Any CPU
		{466412C9-8883-4AFD-B715-A39BFF2D9379}.Debug|Any CPU.ActiveCfg = Debug|Any CPU
		{466412C9-8883-4AFD-B715-A39BFF2D9379}.Debug|Any CPU.Build.0 = Debug|Any CPU
		{466412C9-8883-4AFD-B715-A39BFF2D9379}.Release|Any CPU.ActiveCfg = Release|Any CPU
		{466412C9-8883-4AFD-B715-A39BFF2D9379}.Release|Any CPU.Build.0 = Release|Any CPU
		{A35F64C0-C3B7-44D7-A672-482BD1F2E17D}.Debug|Any CPU.ActiveCfg = Debug|Any CPU
		{A35F64C0-C3B7-44D7-A672-482BD1F2E17D}.Debug|Any CPU.Build.0 = Debug|Any CPU
		{A35F64C0-C3B7-44D7-A672-482BD1F2E17D}.Release|Any CPU.ActiveCfg = Release|Any CPU
		{A35F64C0-C3B7-44D7-A672-482BD1F2E17D}.Release|Any CPU.Build.0 = Release|Any CPU
		{A2810C73-FF6C-4B0C-9B36-C5E665506A30}.Debug|Any CPU.ActiveCfg = Debug|Any CPU
		{A2810C73-FF6C-4B0C-9B36-C5E665506A30}.Debug|Any CPU.Build.0 = Debug|Any CPU
		{A2810C73-FF6C-4B0C-9B36-C5E665506A30}.Release|Any CPU.ActiveCfg = Release|Any CPU
		{A2810C73-FF6C-4B0C-9B36-C5E665506A30}.Release|Any CPU.Build.0 = Release|Any CPU
	EndGlobalSection
	GlobalSection(SolutionProperties) = preSolution
		HideSolutionNode = FALSE
	EndGlobalSection
	GlobalSection(NestedProjects) = preSolution
		{A35F64C0-C3B7-44D7-A672-482BD1F2E17D} = {7F66A618-591C-4480-A185-F4C9AFF09044}
		{A2810C73-FF6C-4B0C-9B36-C5E665506A30} = {7F66A618-591C-4480-A185-F4C9AFF09044}
	EndGlobalSection
	GlobalSection(ExtensibilityGlobals) = postSolution
		SolutionGuid = {444B992B-31E6-424D-925D-852D957B1AE6}
	EndGlobalSection
EndGlobal
